
Microsoft Visual Studio Solution File, Format Version 12.00
Project("{FAE04EC0-301F-11D3-BF4B-00C04F79EFBC}") = "Library.API", "Library.API\Library.API.csproj", "{2916D54E-2210-46DD-863E-12CCC7CEB906}"
EndProject
Project("{FAE04EC0-301F-11D3-BF4B-00C04F79EFBC}") = "Library.Application", "Library.Application\Library.Application.csproj", "{16986563-D305-44F0-AC41-D5605021CA59}"
EndProject
Project("{FAE04EC0-301F-11D3-BF4B-00C04F79EFBC}") = "Library.Domain", "Library.Domain\Library.Domain.csproj", "{6EFDDE4A-9FD6-47DC-8B79-023624EB23CD}"
EndProject
Project("{FAE04EC0-301F-11D3-BF4B-00C04F79EFBC}") = "Library.Infrastructure", "Library.Infrastructure\Library.Infrastructure.csproj", "{D85FD06E-27BC-41F1-94F7-3BDD8925DF26}"
EndProject
Project("{FAE04EC0-301F-11D3-BF4B-00C04F79EFBC}") = "Library.Worker", "Library.Worker\Library.Worker.csproj", "{0D692452-FA36-46B2-B1BE-507DAF3749D1}"
EndProject
Project("{2150E333-8FDC-42A3-9474-1A3956D46DE8}") = "Tests", "Tests", "{EE700D4A-4558-475E-8DE3-7919304E83ED}"
EndProject
Project("{FAE04EC0-301F-11D3-BF4B-00C04F79EFBC}") = "Library.UnitTests", "Library.UnitTests\Library.UnitTests.csproj", "{78FF4073-1121-4AD4-9C24-0C4DBF87B056}"
EndProject
Project("{FAE04EC0-301F-11D3-BF4B-00C04F79EFBC}") = "Library.BaseTests", "Library.BaseTests\Library.BaseTests.csproj", "{6B23743B-BCE4-42C9-881E-790D44A67A13}"
EndProject
Global
	GlobalSection(SolutionConfigurationPlatforms) = preSolution
		Debug|Any CPU = Debug|Any CPU
		Release|Any CPU = Release|Any CPU
	EndGlobalSection
	GlobalSection(ProjectConfigurationPlatforms) = postSolution
		{2916D54E-2210-46DD-863E-12CCC7CEB906}.Debug|Any CPU.ActiveCfg = Debug|Any CPU
		{2916D54E-2210-46DD-863E-12CCC7CEB906}.Debug|Any CPU.Build.0 = Debug|Any CPU
		{2916D54E-2210-46DD-863E-12CCC7CEB906}.Release|Any CPU.ActiveCfg = Release|Any CPU
		{2916D54E-2210-46DD-863E-12CCC7CEB906}.Release|Any CPU.Build.0 = Release|Any CPU
		{16986563-D305-44F0-AC41-D5605021CA59}.Debug|Any CPU.ActiveCfg = Debug|Any CPU
		{16986563-D305-44F0-AC41-D5605021CA59}.Debug|Any CPU.Build.0 = Debug|Any CPU
		{16986563-D305-44F0-AC41-D5605021CA59}.Release|Any CPU.ActiveCfg = Release|Any CPU
		{16986563-D305-44F0-AC41-D5605021CA59}.Release|Any CPU.Build.0 = Release|Any CPU
		{6EFDDE4A-9FD6-47DC-8B79-023624EB23CD}.Debug|Any CPU.ActiveCfg = Debug|Any CPU
		{6EFDDE4A-9FD6-47DC-8B79-023624EB23CD}.Debug|Any CPU.Build.0 = Debug|Any CPU
		{6EFDDE4A-9FD6-47DC-8B79-023624EB23CD}.Release|Any CPU.ActiveCfg = Release|Any CPU
		{6EFDDE4A-9FD6-47DC-8B79-023624EB23CD}.Release|Any CPU.Build.0 = Release|Any CPU
		{D85FD06E-27BC-41F1-94F7-3BDD8925DF26}.Debug|Any CPU.ActiveCfg = Debug|Any CPU
		{D85FD06E-27BC-41F1-94F7-3BDD8925DF26}.Debug|Any CPU.Build.0 = Debug|Any CPU
		{D85FD06E-27BC-41F1-94F7-3BDD8925DF26}.Release|Any CPU.ActiveCfg = Release|Any CPU
		{D85FD06E-27BC-41F1-94F7-3BDD8925DF26}.Release|Any CPU.Build.0 = Release|Any CPU
		{0D692452-FA36-46B2-B1BE-507DAF3749D1}.Debug|Any CPU.ActiveCfg = Debug|Any CPU
		{0D692452-FA36-46B2-B1BE-507DAF3749D1}.Debug|Any CPU.Build.0 = Debug|Any CPU
		{0D692452-FA36-46B2-B1BE-507DAF3749D1}.Release|Any CPU.ActiveCfg = Release|Any CPU
		{0D692452-FA36-46B2-B1BE-507DAF3749D1}.Release|Any CPU.Build.0 = Release|Any CPU
		{78FF4073-1121-4AD4-9C24-0C4DBF87B056}.Debug|Any CPU.ActiveCfg = Debug|Any CPU
		{78FF4073-1121-4AD4-9C24-0C4DBF87B056}.Debug|Any CPU.Build.0 = Debug|Any CPU
		{78FF4073-1121-4AD4-9C24-0C4DBF87B056}.Release|Any CPU.ActiveCfg = Release|Any CPU
		{78FF4073-1121-4AD4-9C24-0C4DBF87B056}.Release|Any CPU.Build.0 = Release|Any CPU
		{6B23743B-BCE4-42C9-881E-790D44A67A13}.Debug|Any CPU.ActiveCfg = Debug|Any CPU
		{6B23743B-BCE4-42C9-881E-790D44A67A13}.Debug|Any CPU.Build.0 = Debug|Any CPU
		{6B23743B-BCE4-42C9-881E-790D44A67A13}.Release|Any CPU.ActiveCfg = Release|Any CPU
		{6B23743B-BCE4-42C9-881E-790D44A67A13}.Release|Any CPU.Build.0 = Release|Any CPU
	EndGlobalSection
	GlobalSection(NestedProjects) = preSolution
		{78FF4073-1121-4AD4-9C24-0C4DBF87B056} = {EE700D4A-4558-475E-8DE3-7919304E83ED}
		{6B23743B-BCE4-42C9-881E-790D44A67A13} = {EE700D4A-4558-475E-8DE3-7919304E83ED}
	EndGlobalSection
EndGlobal
